
Microsoft Visual Studio Solution File, Format Version 12.00
# Visual Studio Version 16
VisualStudioVersion = 16.0.32630.194
MinimumVisualStudioVersion = 10.0.40219.1
Project("{FAE04EC0-301F-11D3-BF4B-00C04F79EFBC}") = "MvcFirmaCagri", "MvcFirmaCagri\MvcFirmaCagri.csproj", "{3D21CEBB-509D-4162-9D47-ECB278788D57}"
EndProject
Global
	GlobalSection(SolutionConfigurationPlatforms) = preSolution
		Debug|Any CPU = Debug|Any CPU
		Release|Any CPU = Release|Any CPU
	EndGlobalSection
	GlobalSection(ProjectConfigurationPlatforms) = postSolution
		{3D21CEBB-509D-4162-9D47-ECB278788D57}.Debug|Any CPU.ActiveCfg = Debug|Any CPU
		{3D21CEBB-509D-4162-9D47-ECB278788D57}.Debug|Any CPU.Build.0 = Debug|Any CPU
		{3D21CEBB-509D-4162-9D47-ECB278788D57}.Release|Any CPU.ActiveCfg = Release|Any CPU
		{3D21CEBB-509D-4162-9D47-ECB278788D57}.Release|Any CPU.Build.0 = Release|Any CPU
	EndGlobalSection
	GlobalSection(SolutionProperties) = preSolution
		HideSolutionNode = FALSE
	EndGlobalSection
	GlobalSection(ExtensibilityGlobals) = postSolution
		SolutionGuid = {C8DF3B16-FA17-4B95-82A8-D848821E592C}
	EndGlobalSection
EndGlobal
